version = 1
revision = 3
requires-python = "==3.12.13"

[[package]]
name = "cfgv"
version = "3.5.0"
source = { registry = "https://pypi.org/simple" }
sdist = { url = "https://files.pythonhosted.org/packages/4e/b5/721b8799b04bf9afe054a3899c6cf4e880fcf8563cc71c15610242490a0c/cfgv-3.5.0.tar.gz", hash = "sha256:d5b1034354820651caa73ede66a6294d6e95c1b00acc5e9b098e917404669132", size = 7334, upload-time = "2025-11-19T20:55:51.612Z" }
wheels = [
    { url = "https://files.pythonhosted.org/packages/db/3c/33bac158f8ab7f89b2e59426d5fe2e4f63f7ed25df84c036890172b412b5/cfgv-3.5.0-py2.py3-none-any.whl", hash = "sha256:a8dc6b26ad22ff227d2634a65cb388215ce6cc96bbcc5cfde7641ae87e8dacc0", size = 7445, upload-time = "2025-11-19T20:55:50.744Z" },
]

[[package]]
name = "colorama"
version = "0.4.6"
source = { registry = "https://pypi.org/simple" }
sdist = { url = "https://files.pythonhosted.org/packages/d8/53/6f443c9a4a8358a93a6792e2acffb9d9d5cb0a5cfd8802644b7b1c9a02e4/colorama-0.4.6.tar.gz", hash = "sha256:08695f5cb7ed6e0531a20572697297273c47b8cae5a63ffc6d6ed5c201be6e44", size = 27697, upload-time = "2022-10-25T02:36:22.414Z" }
wheels = [
    { url = "https://files.pythonhosted.org/packages/d1/d6/3965ed04c63042e047cb6a3e6ed1a63a35087b6a609aa3a15ed8ac56c221/colorama-0.4.6-py2.py3-none-any.whl", hash = "sha256:4f1d9991f5acc0ca119f9d443620b77f9d6b33703e51011c16baf57afb285fc6", size = 25335, upload-time = "2022-10-25T02:36:20.889Z" },
]

[[package]]
name = "distlib"
version = "0.4.3"
source = { registry = "https://pypi.org/simple" }
sdist = { url = "https://files.pythonhosted.org/packages/c9/02/bd72be9134d25ed783ecbbc38a539ffaefbf90c78418c7fb7229600dbac7/distlib-0.4.3.tar.gz", hash = "sha256:f152097224a0ae24be5a0f6bae1b9359af82133bce63f98a95f86cae1aede9ed", size = 615141, upload-time = "2026-06-12T08:04:52.847Z" }
wheels = [
    { url = "https://files.pythonhosted.org/packages/02/08/9c41fb51ab5b43eb21674aff13df270e8ba6c4b29c8624e328dc7a9482af/distlib-0.4.3-py2.py3-none-any.whl", hash = "sha256:4b0ce306c966eb73bc3a7b6abad017c556dadd92c44701562cd528ac7fde4d5b", size = 470628, upload-time = "2026-06-12T08:04:50.506Z" },
]

[[package]]
name = "docopt-ng"
version = "0.9.0"
source = { registry = "https://pypi.org/simple" }
sdist = { url = "https://files.pythonhosted.org/packages/e4/50/8d6806cf13138127692ae6ff79ddeb4e25eb3b0bcc3c1bd033e7e04531a9/docopt_ng-0.9.0.tar.gz", hash = "sha256:91c6da10b5bb6f2e9e25345829fb8278c78af019f6fc40887ad49b060483b1d7", size = 32264, upload-time = "2023-05-30T20:46:25.064Z" }
wheels = [
    { url = "https://files.pythonhosted.org/packages/6c/4a/c3b77fc1a24510b08918b43a473410c0168f6e657118807015f1f1edceea/docopt_ng-0.9.0-py3-none-any.whl", hash = "sha256:bfe4c8b03f9fca424c24ee0b4ffa84bf7391cb18c29ce0f6a8227a3b01b81ff9", size = 16689, upload-time = "2023-05-30T20:46:45.294Z" },
]

[[package]]
name = "filelock"
version = "3.31.0"
source = { registry = "https://pypi.org/simple" }
sdist = { url = "https://files.pythonhosted.org/packages/4a/9f/994e80905542b748eb5b9f36d71458f0aea51a7be0fcb52ad959787dc1b7/filelock-3.31.0.tar.gz", hash = "sha256:c188cbc4307c18894c5424fa73f97ea7fa127ddf62192487546da3a214d0a381", size = 180931, upload-time = "2026-07-18T05:53:29.262Z" }
wheels = [
    { url = "https://files.pythonhosted.org/packages/5b/4a/e213905d3b8ad3d35d14fc056b36134a274e7f6a1050e94428b5be10a94c/filelock-3.31.0-py3-none-any.whl", hash = "sha256:739b73e580fe88bb78d830aeddbc492519ece3d97ac8368de13a2032c61010c1", size = 96080, upload-time = "2026-07-18T05:53:27.732Z" },
]

[[package]]
name = "gdtoolkit"
version = "4.5.0"
source = { registry = "https://pypi.org/simple" }
dependencies = [
    { name = "docopt-ng" },
    { name = "lark", extra = ["regex"] },
    { name = "pyyaml" },
    { name = "radon" },
    { name = "setuptools" },
]
sdist = { url = "https://files.pythonhosted.org/packages/de/39/041c1705dba6450c67e23be0c70d0fcff035e7d240b6695fc59efd8dafb6/gdtoolkit-4.5.0.tar.gz", hash = "sha256:1ab17fb5400d86e4ae66d9c94992f4e3a9b6c27d618d4094782e66101efb3e9a", size = 49728, upload-time = "2025-10-09T14:23:29.145Z" }
wheels = [
    { url = "https://files.pythonhosted.org/packages/36/fe/afcf23a58b3e20897484b546d86741a7ea0d8cf57ae616c1677482b47f61/gdtoolkit-4.5.0-py3-none-any.whl", hash = "sha256:f25c5bf7f7fe861e1127164c5d73e0a7fb204ec74cf05d375b76a5dcf8610cdb", size = 62698, upload-time = "2025-10-09T14:23:28.284Z" },
]

[[package]]
name = "identify"
version = "2.6.19"
source = { registry = "https://pypi.org/simple" }
sdist = { url = "https://files.pythonhosted.org/packages/52/63/51723b5f116cc04b061cb6f5a561790abf249d25931d515cd375e063e0f4/identify-2.6.19.tar.gz", hash = "sha256:6be5020c38fcb07da56c53733538a3081ea5aa70d36a156f83044bfbf9173842", size = 99567, upload-time = "2026-04-17T18:39:50.265Z" }
wheels = [
    { url = "https://files.pythonhosted.org/packages/94/84/d9273cd09688070a6523c4aee4663a8538721b2b755c4962aafae0011e72/identify-2.6.19-py2.py3-none-any.whl", hash = "sha256:20e6a87f786f768c092a721ad107fc9df0eb89347be9396cadf3f4abbd1fb78a", size = 99397, upload-time = "2026-04-17T18:39:49.221Z" },
]

[[package]]
name = "lark"
version = "1.2.2"
source = { registry = "https://pypi.org/simple" }
sdist = { url = "https://files.pythonhosted.org/packages/af/60/bc7622aefb2aee1c0b4ba23c1446d3e30225c8770b38d7aedbfb65ca9d5a/lark-1.2.2.tar.gz", hash = "sha256:ca807d0162cd16cef15a8feecb862d7319e7a09bdb13aef927968e45040fed80", size = 252132, upload-time = "2024-08-13T19:49:00.652Z" }
wheels = [
    { url = "https://files.pythonhosted.org/packages/2d/00/d90b10b962b4277f5e64a78b6609968859ff86889f5b898c1a778c06ec00/lark-1.2.2-py3-none-any.whl", hash = "sha256:c2276486b02f0f1b90be155f2c8ba4a8e194d42775786db622faccd652d8e80c", size = 111036, upload-time = "2024-08-13T19:48:58.603Z" },
]

[package.optional-dependencies]
regex = [
    { name = "regex" },
]

[[package]]
name = "mando"
version = "0.7.1"
source = { registry = "https://pypi.org/simple" }
dependencies = [
    { name = "six" },
]
sdist = { url = "https://files.pythonhosted.org/packages/35/24/cd70d5ae6d35962be752feccb7dca80b5e0c2d450e995b16abd6275f3296/mando-0.7.1.tar.gz", hash = "sha256:18baa999b4b613faefb00eac4efadcf14f510b59b924b66e08289aa1de8c3500", size = 37868, upload-time = "2022-02-24T08:12:27.316Z" }
wheels = [
    { url = "https://files.pythonhosted.org/packages/d2/f0/834e479e47e499b6478e807fb57b31cc2db696c4db30557bb6f5aea4a90b/mando-0.7.1-py2.py3-none-any.whl", hash = "sha256:26ef1d70928b6057ee3ca12583d73c63e05c49de8972d620c278a7b206581a8a", size = 28149, upload-time = "2022-02-24T08:12:25.24Z" },
]

[[package]]
name = "nodeenv"
version = "1.10.0"
source = { registry = "https://pypi.org/simple" }
sdist = { url = "https://files.pythonhosted.org/packages/24/bf/d1bda4f6168e0b2e9e5958945e01910052158313224ada5ce1fb2e1113b8/nodeenv-1.10.0.tar.gz", hash = "sha256:996c191ad80897d076bdfba80a41994c2b47c68e224c542b48feba42ba00f8bb", size = 55611, upload-time = "2025-12-20T14:08:54.006Z" }
wheels = [
    { url = "https://files.pythonhosted.org/packages/88/b2/d0896bdcdc8d28a7fc5717c305f1a861c26e18c05047949fb371034d98bd/nodeenv-1.10.0-py2.py3-none-any.whl", hash = "sha256:5bb13e3eed2923615535339b3c620e76779af4cb4c6a90deccc9e36b274d3827", size = 23438, upload-time = "2025-12-20T14:08:52.782Z" },
]

[[package]]
name = "platformdirs"
version = "4.10.1"
source = { registry = "https://pypi.org/simple" }
sdist = { url = "https://files.pythonhosted.org/packages/52/cd/4f25b2f95b23f5d2c9c1fe43e49841bff5800562149b2666afc09309aa8f/platformdirs-4.10.1.tar.gz", hash = "sha256:ceab4084426fe6319ce18e86deada8ab1b7487c7aee7040c55e277c9ae793695", size = 31678, upload-time = "2026-07-18T03:53:43.808Z" }
wheels = [
    { url = "https://files.pythonhosted.org/packages/ec/73/6fd0bb9ce84138c3857f12e9de63bc901852975a092d545f18087a204aa2/platformdirs-4.10.1-py3-none-any.whl", hash = "sha256:0e4eff26be2d75293977f7cddc153fd9b8eaa7fb0c7b64ffe4076cb443117443", size = 22906, upload-time = "2026-07-18T03:53:42.576Z" },
]

[[package]]
name = "pre-commit"
version = "4.6.0"
source = { registry = "https://pypi.org/simple" }
dependencies = [
    { name = "cfgv" },
    { name = "identify" },
    { name = "nodeenv" },
    { name = "pyyaml" },
    { name = "virtualenv" },
]
sdist = { url = "https://files.pythonhosted.org/packages/8e/22/2de9408ac81acbb8a7d05d4cc064a152ccf33b3d480ebe0cd292153db239/pre_commit-4.6.0.tar.gz", hash = "sha256:718d2208cef53fdc38206e40524a6d4d9576d103eb16f0fec11c875e7716e9d9", size = 198525, upload-time = "2026-04-21T20:31:41.613Z" }
wheels = [
    { url = "https://files.pythonhosted.org/packages/80/6e/4b28b62ecb6aae56769c34a8ff1d661473ec1e9519e2d5f8b2c150086b26/pre_commit-4.6.0-py2.py3-none-any.whl", hash = "sha256:e2cf246f7299edcabcf15f9b0571fdce06058527f0a06535068a86d38089f29b", size = 226472, upload-time = "2026-04-21T20:31:40.092Z" },
]

[[package]]
name = "python-discovery"
version = "1.4.4"
source = { registry = "https://pypi.org/simple" }
dependencies = [
    { name = "filelock" },
    { name = "platformdirs" },
]
sdist = { url = "https://files.pythonhosted.org/packages/4c/81/58c70036dffeccb7fe7d79d6260c69f7a28272bbd3909c29a01ea9422744/python_discovery-1.4.4.tar.gz", hash = "sha256:5cad33982d412c1f3ffb8f9ca4ea292c9680bca3942451d30b69c37fce53a4a3", size = 72212, upload-time = "2026-07-08T23:06:50.691Z" }
wheels = [
    { url = "https://files.pythonhosted.org/packages/9d/ae/84bc0d2440c95772272bb6f4b3d09ccf08b2898fce89b3d4f969a9fc74e9/python_discovery-1.4.4-py3-none-any.whl", hash = "sha256:abebe9120b43453b68c908acfb1e72a19d1a959ed2cb620ad38fc57d08056dbe", size = 34181, upload-time = "2026-07-08T23:06:49.402Z" },
]

[[package]]
name = "pyyaml"
version = "6.0.3"
source = { registry = "https://pypi.org/simple" }
sdist = { url = "https://files.pythonhosted.org/packages/05/8e/961c0007c59b8dd7729d542c61a4d537767a59645b82a0b521206e1e25c2/pyyaml-6.0.3.tar.gz", hash = "sha256:d76623373421df22fb4cf8817020cbb7ef15c725b9d5e45f17e189bfc384190f", size = 130960, upload-time = "2025-09-25T21:33:16.546Z" }
wheels = [
    { url = "https://files.pythonhosted.org/packages/d1/33/422b98d2195232ca1826284a76852ad5a86fe23e31b009c9886b2d0fb8b2/pyyaml-6.0.3-cp312-cp312-macosx_10_13_x86_64.whl", hash = "sha256:7f047e29dcae44602496db43be01ad42fc6f1cc0d8cd6c83d342306c32270196", size = 182063, upload-time = "2025-09-25T21:32:11.445Z" },
    { url = "https://files.pythonhosted.org/packages/89/a0/6cf41a19a1f2f3feab0e9c0b74134aa2ce6849093d5517a0c550fe37a648/pyyaml-6.0.3-cp312-cp312-macosx_11_0_arm64.whl", hash = "sha256:fc09d0aa354569bc501d4e787133afc08552722d3ab34836a80547331bb5d4a0", size = 173973, upload-time = "2025-09-25T21:32:12.492Z" },
    { url = "https://files.pythonhosted.org/packages/ed/23/7a778b6bd0b9a8039df8b1b1d80e2e2ad78aa04171592c8a5c43a56a6af4/pyyaml-6.0.3-cp312-cp312-manylinux2014_aarch64.manylinux_2_17_aarch64.manylinux_2_28_aarch64.whl", hash = "sha256:9149cad251584d5fb4981be1ecde53a1ca46c891a79788c0df828d2f166bda28", size = 775116, upload-time = "2025-09-25T21:32:13.652Z" },
    { url = "https://files.pythonhosted.org/packages/65/30/d7353c338e12baef4ecc1b09e877c1970bd3382789c159b4f89d6a70dc09/pyyaml-6.0.3-cp312-cp312-manylinux2014_s390x.manylinux_2_17_s390x.manylinux_2_28_s390x.whl", hash = "sha256:5fdec68f91a0c6739b380c83b951e2c72ac0197ace422360e6d5a959d8d97b2c", size = 844011, upload-time = "2025-09-25T21:32:15.21Z" },
    { url = "https://files.pythonhosted.org/packages/8b/9d/b3589d3877982d4f2329302ef98a8026e7f4443c765c46cfecc8858c6b4b/pyyaml-6.0.3-cp312-cp312-manylinux2014_x86_64.manylinux_2_17_x86_64.manylinux_2_28_x86_64.whl", hash = "sha256:ba1cc08a7ccde2d2ec775841541641e4548226580ab850948cbfda66a1befcdc", size = 807870, upload-time = "2025-09-25T21:32:16.431Z" },
    { url = "https://files.pythonhosted.org/packages/05/c0/b3be26a015601b822b97d9149ff8cb5ead58c66f981e04fedf4e762f4bd4/pyyaml-6.0.3-cp312-cp312-musllinux_1_2_aarch64.whl", hash = "sha256:8dc52c23056b9ddd46818a57b78404882310fb473d63f17b07d5c40421e47f8e", size = 761089, upload-time = "2025-09-25T21:32:17.56Z" },
    { url = "https://files.pythonhosted.org/packages/be/8e/98435a21d1d4b46590d5459a22d88128103f8da4c2d4cb8f14f2a96504e1/pyyaml-6.0.3-cp312-cp312-musllinux_1_2_x86_64.whl", hash = "sha256:41715c910c881bc081f1e8872880d3c650acf13dfa8214bad49ed4cede7c34ea", size = 790181, upload-time = "2025-09-25T21:32:18.834Z" },
    { url = "https://files.pythonhosted.org/packages/74/93/7baea19427dcfbe1e5a372d81473250b379f04b1bd3c4c5ff825e2327202/pyyaml-6.0.3-cp312-cp312-win32.whl", hash = "sha256:96b533f0e99f6579b3d4d4995707cf36df9100d67e0c8303a0c55b27b5f99bc5", size = 137658, upload-time = "2025-09-25T21:32:20.209Z" },
    { url = "https://files.pythonhosted.org/packages/86/bf/899e81e4cce32febab4fb42bb97dcdf66bc135272882d1987881a4b519e9/pyyaml-6.0.3-cp312-cp312-win_amd64.whl", hash = "sha256:5fcd34e47f6e0b794d17de1b4ff496c00986e1c83f7ab2fb8fcfe9616ff7477b", size = 154003, upload-time = "2025-09-25T21:32:21.167Z" },
    { url = "https://files.pythonhosted.org/packages/1a/08/67bd04656199bbb51dbed1439b7f27601dfb576fb864099c7ef0c3e55531/pyyaml-6.0.3-cp312-cp312-win_arm64.whl", hash = "sha256:64386e5e707d03a7e172c0701abfb7e10f0fb753ee1d773128192742712a98fd", size = 140344, upload-time = "2025-09-25T21:32:22.617Z" },
]

[[package]]
name = "radon"
version = "6.0.1"
source = { registry = "https://pypi.org/simple" }
dependencies = [
    { name = "colorama" },
    { name = "mando" },
]
sdist = { url = "https://files.pythonhosted.org/packages/b1/6d/98e61600febf6bd929cf04154537c39dc577ce414bafbfc24a286c4fa76d/radon-6.0.1.tar.gz", hash = "sha256:d1ac0053943a893878940fedc8b19ace70386fc9c9bf0a09229a44125ebf45b5", size = 1874992, upload-time = "2023-03-26T06:24:38.868Z" }
wheels = [
    { url = "https://files.pythonhosted.org/packages/93/f7/d00d9b4a0313a6be3a3e0818e6375e15da6d7076f4ae47d1324e7ca986a1/radon-6.0.1-py2.py3-none-any.whl", hash = "sha256:632cc032364a6f8bb1010a2f6a12d0f14bc7e5ede76585ef29dc0cecf4cd8859", size = 52784, upload-time = "2023-03-26T06:24:33.949Z" },
]

[[package]]
name = "railcraft-demo"
version = "0.1.0"
source = { virtual = "." }

[package.dev-dependencies]
dev = [
    { name = "gdtoolkit" },
    { name = "pre-commit" },
]

[package.metadata]

[package.metadata.requires-dev]
dev = [
    { name = "gdtoolkit", specifier = "==4.5.0" },
    { name = "pre-commit", specifier = "==4.6.0" },
]

[[package]]
name = "regex"
version = "2026.7.10"
source = { registry = "https://pypi.org/simple" }
sdist = { url = "https://files.pythonhosted.org/packages/7b/37/451aaddbf50922f34d744ad5ca919ae1fcfac112123885d9728f52a484b3/regex-2026.7.10.tar.gz", hash = "sha256:1050fedf0a8a92e843971120c2f57c3a99bea86c0dfa1d63a9fac053fe54b135", size = 416282, upload-time = "2026-07-10T19:49:46.267Z" }
wheels = [
    { url = "https://files.pythonhosted.org/packages/b3/9c/2503d4ccf3452dc323f8baa3cf3ee10406037d52735c76cfced81423f183/regex-2026.7.10-cp312-cp312-macosx_10_13_universal2.whl", hash = "sha256:7252b48b0c60100095088fbeb281fca9a4fcf678a4e04b1c520c3f8613c952c4", size = 497114, upload-time = "2026-07-10T19:47:16.22Z" },
    { url = "https://files.pythonhosted.org/packages/91/eb/04534f4263a4f658cd20a511e9d6124350044f2214eb24fee2db96acf318/regex-2026.7.10-cp312-cp312-macosx_10_13_x86_64.whl", hash = "sha256:da6ef4cb8d457aab0482b50120136ae94238aaa421863eaa7d599759742c72d6", size = 297422, upload-time = "2026-07-10T19:47:17.794Z" },
    { url = "https://files.pythonhosted.org/packages/ca/2d/35809de392ab66ba439b58c3187ae3b8b53c883233f284b59961e5725c99/regex-2026.7.10-cp312-cp312-macosx_11_0_arm64.whl", hash = "sha256:fe7ff456c22725c9d9017f7a2a7df2b51af6df77314176760b22e2d05278e181", size = 292110, upload-time = "2026-07-10T19:47:19.188Z" },
    { url = "https://files.pythonhosted.org/packages/ad/1e/5ce0fbe9aab071893ce2b7df020d0f561f7b411ec334124302468d587884/regex-2026.7.10-cp312-cp312-manylinux2014_aarch64.manylinux_2_17_aarch64.manylinux_2_28_aarch64.whl", hash = "sha256:f3463a5f26be513a49e4d497debcf1b252a2db7b92c77d89621aa90b83d2dd38", size = 796800, upload-time = "2026-07-10T19:47:20.639Z" },
    { url = "https://files.pythonhosted.org/packages/d4/67/c1ccbada395c10e334763b583e1039b1660b142303ebb941d4269130b22f/regex-2026.7.10-cp312-cp312-manylinux2014_ppc64le.manylinux_2_17_ppc64le.manylinux_2_28_ppc64le.whl", hash = "sha256:948dfc62683a6947b9b486c4598d8f6e3ecc542478b6767b87d52be68aeb55c6", size = 865509, upload-time = "2026-07-10T19:47:22.135Z" },
    { url = "https://files.pythonhosted.org/packages/0e/06/f0b31afc16c1208f945b66290eb2a9936ab8becdfb23bbcedb91cc5f9d9b/regex-2026.7.10-cp312-cp312-manylinux2014_s390x.manylinux_2_17_s390x.manylinux_2_28_s390x.whl", hash = "sha256:c2cbd385d82f63bb35edb60b09b08abad3619bd0a4a492ae59e55afaf98e1b9d", size = 912395, upload-time = "2026-07-10T19:47:24.128Z" },
    { url = "https://files.pythonhosted.org/packages/0b/1c/8687de3a6c3220f4f872a9bf4bcd8dc249f2a96e7dddfa93de8bd4d16399/regex-2026.7.10-cp312-cp312-manylinux2014_x86_64.manylinux_2_17_x86_64.manylinux_2_28_x86_64.whl", hash = "sha256:f6222cafe00e072bb2b8f14142cd969637411fbc4dd3b1d73a90a3b817fa046f", size = 801308, upload-time = "2026-07-10T19:47:25.696Z" },
    { url = "https://files.pythonhosted.org/packages/5f/e3/60a40ec02a2315d826414a125640aceb6f30450574c530c8f352110ece0e/regex-2026.7.10-cp312-cp312-manylinux_2_31_riscv64.manylinux_2_39_riscv64.whl", hash = "sha256:65ee5d1ac3cd541325f5ac92625b1c1505f4d171520dd931bda7952895c5321a", size = 777120, upload-time = "2026-07-10T19:47:27.158Z" },
    { url = "https://files.pythonhosted.org/packages/6a/9a/ec579b4f840ac59bc7c192b56e66abd4cbf385615300d59f7c94bf6863ae/regex-2026.7.10-cp312-cp312-musllinux_1_2_aarch64.whl", hash = "sha256:aa34473fbcc108fea403074f3f45091461b18b2047d136f16ffaa4c65ad46a68", size = 785164, upload-time = "2026-07-10T19:47:28.732Z" },
    { url = "https://files.pythonhosted.org/packages/ad/1c/60d88afd5f98d4b0fb1f8b8969270628140dc01c7ff93a939f2aa83f31a6/regex-2026.7.10-cp312-cp312-musllinux_1_2_ppc64le.whl", hash = "sha256:9d028d189d8f38d7ff292f22187c0df37f2317f554d2ed9a2908ada330af57c0", size = 860161, upload-time = "2026-07-10T19:47:30.605Z" },
    { url = "https://files.pythonhosted.org/packages/2a/40/08ae3ba45fe79e48c9a888a3389a7ee7e2d8c580d2d996da5ece02dfdcb9/regex-2026.7.10-cp312-cp312-musllinux_1_2_riscv64.whl", hash = "sha256:396ea70e4ea1f19571940add3bad9fd3eb6a19dc610d0d01f692bc1ba0c10cb4", size = 765829, upload-time = "2026-07-10T19:47:32.06Z" },
    { url = "https://files.pythonhosted.org/packages/12/e6/e613c6755d19aca9d977cdc3418a1991ffc8f386779752dd8fdfa888ea89/regex-2026.7.10-cp312-cp312-musllinux_1_2_s390x.whl", hash = "sha256:ebbf0d83ed5271991d666e54bb6c90ac2c55fb2ef3a88740c6af85dc85de2402", size = 852170, upload-time = "2026-07-10T19:47:33.567Z" },
    { url = "https://files.pythonhosted.org/packages/03/33/89072f2060e6b844b4916d5bc40ef01e973640c703025707869264ec75ab/regex-2026.7.10-cp312-cp312-musllinux_1_2_x86_64.whl", hash = "sha256:58a4571b2a093f6f6ee4fd281faa8ebf645abcf575f758173ea2605c7a1e1ecb", size = 789550, upload-time = "2026-07-10T19:47:35.395Z" },
    { url = "https://files.pythonhosted.org/packages/e3/3c/4bc8be9a155035e63780ccac1da101f36194946fdc3f6fce90c7179fc6df/regex-2026.7.10-cp312-cp312-win32.whl", hash = "sha256:eac1207936555aa691ce32df1432b478f2729d54e6d93a1f4db9215bcd8eb47d", size = 267151, upload-time = "2026-07-10T19:47:37.047Z" },
    { url = "https://files.pythonhosted.org/packages/35/73/9f5aade65bb98cc6e99c336e45a49a658300720c16721f3e687f8d754fec/regex-2026.7.10-cp312-cp312-win_amd64.whl", hash = "sha256:ecae626449d00db8c08f8f1fc00047a32d6d7eb5402b3976f5c3fda2b80a7a4f", size = 277751, upload-time = "2026-07-10T19:47:38.488Z" },
    { url = "https://files.pythonhosted.org/packages/36/6f/d069dd12872ea1d50e17319d342f89e2072cae4b62f4245009a1108c74d8/regex-2026.7.10-cp312-cp312-win_arm64.whl", hash = "sha256:87794549a3f5c1c2bdfba2380c1bf87b931e375f4133d929da44f95e396bf5fe", size = 277063, upload-time = "2026-07-10T19:47:40.023Z" },
]

[[package]]
name = "setuptools"
version = "83.0.0"
source = { registry = "https://pypi.org/simple" }
sdist = { url = "https://files.pythonhosted.org/packages/34/26/f5d29e25ffdb535afef2d35cdb55b325298f96debd670da4c325e08d70f4/setuptools-83.0.0.tar.gz", hash = "sha256:025bccbbf0fa05b6192bc64ae1e7b16e001fd6d6d4d5de03c97b1c1ade523bef", size = 1154254, upload-time = "2026-07-04T15:31:22.699Z" }
wheels = [
    { url = "https://files.pythonhosted.org/packages/5d/40/e1e72872c6354b306daef1703549e8e83b4d43cfea356311bf722a043752/setuptools-83.0.0-py3-none-any.whl", hash = "sha256:29b23c360f22f414dc7336bb39178cc7bcbf6021ed2733cde173f09dba19abb3", size = 1008090, upload-time = "2026-07-04T15:31:20.885Z" },
]

[[package]]
name = "six"
version = "1.17.0"
source = { registry = "https://pypi.org/simple" }
sdist = { url = "https://files.pythonhosted.org/packages/94/e7/b2c673351809dca68a0e064b6af791aa332cf192da575fd474ed7d6f16a2/six-1.17.0.tar.gz", hash = "sha256:ff70335d468e7eb6ec65b95b99d3a2836546063f63acc5171de367e834932a81", size = 34031, upload-time = "2024-12-04T17:35:28.174Z" }
wheels = [
    { url = "https://files.pythonhosted.org/packages/b7/ce/149a00dd41f10bc29e5921b496af8b574d8413afcd5e30dfa0ed46c2cc5e/six-1.17.0-py2.py3-none-any.whl", hash = "sha256:4721f391ed90541fddacab5acf947aa0d3dc7d27b2e1e8eda2be8970586c3274", size = 11050, upload-time = "2024-12-04T17:35:26.475Z" },
]

[[package]]
name = "virtualenv"
version = "21.6.1"
source = { registry = "https://pypi.org/simple" }
dependencies = [
    { name = "distlib" },
    { name = "filelock" },
    { name = "platformdirs" },
    { name = "python-discovery" },
]
sdist = { url = "https://files.pythonhosted.org/packages/34/d9/b477fddb68840b570af8b22afe9b035cbc277b5fb7b33dea390617a8b10f/virtualenv-21.6.1.tar.gz", hash = "sha256:15f978b7cd329f24855ff4a0c4b4899cc7678589f49adbdcbbb4d3232e641128", size = 5526620, upload-time = "2026-07-10T19:33:53.312Z" }
wheels = [
    { url = "https://files.pythonhosted.org/packages/c1/7c/4e7225d46d634a0d8d534dd8a6ce0c319d09b4d0cf0337eb314ca4789d8c/virtualenv-21.6.1-py3-none-any.whl", hash = "sha256:afe991df855715a2b2f60edfcc0107ef95a79fdfd8cb4cdaa71603d1c12e463b", size = 5506392, upload-time = "2026-07-10T19:33:51.629Z" },
]
